
Microsoft Visual Studio Solution File, Format Version 12.00
# Visual Studio Version 17
VisualStudioVersion = 17.0.32002.185
MinimumVisualStudioVersion = 10.0.40219.1
Project("{FAE04EC0-301F-11D3-BF4B-00C04F79EFBC}") = "ProgrammerTool", "ProgrammerTool\ProgrammerTool.csproj", "{8220F7F7-6B67-4FE9-BDBC-F562844E2A78}"
EndProject
Global
	GlobalSection(SolutionConfigurationPlatforms) = preSolution
		Debug|Any CPU = Debug|Any CPU
		Release|Any CPU = Release|Any CPU
	EndGlobalSection
	GlobalSection(ProjectConfigurationPlatforms) = postSolution
		{8220F7F7-6B67-4FE9-BDBC-F562844E2A78}.Debug|Any CPU.ActiveCfg = Debug|Any CPU
		{8220F7F7-6B67-4FE9-BDBC-F562844E2A78}.Debug|Any CPU.Build.0 = Debug|Any CPU
		{8220F7F7-6B67-4FE9-BDBC-F562844E2A78}.Release|Any CPU.ActiveCfg = Release|Any CPU
		{8220F7F7-6B67-4FE9-BDBC-F562844E2A78}.Release|Any CPU.Build.0 = Release|Any CPU
	EndGlobalSection
	GlobalSection(SolutionProperties) = preSolution
		HideSolutionNode = FALSE
	EndGlobalSection
	GlobalSection(ExtensibilityGlobals) = postSolution
		SolutionGuid = {4FEBCF64-29D5-4CF7-9092-7B44ED6EAE11}
	EndGlobalSection
EndGlobal
